github.com/andygrunwald/go-jira v1.5.0 h1:/1CyYLNdwus7TvB/DHyD3udb52K12aYL9m7WaGAO9m4=
github.com/andygrunwald/go-jira v1.5.0/go.mod h1:yNYQrX3nGSrVdcVsM2mWz2pm7tTeDtYfRyVEkc3VUiY=
github.com/andygrunwald/go-jira v1.5.1-0.20180918070209-5d5990ab650e h1:OF1t29Rjhnq12qm904qeIbEBGWylIPjOIHyFLPe3XfY=
github.com/andygrunwald/go-jira v1.5.1-0.20180918070209-5d5990ab650e/go.mod h1:yNYQrX3nGSrVdcVsM2mWz2pm7tTeDtYfRyVEkc3VUiY=
github.com/fatih/structs v1.0.0 h1:BrX964Rv5uQ3wwS+KRUAJCBBw5PQmgJfJ6v4yly5QwU=
github.com/fatih/structs v1.0.0/go.mod h1:9NiDSp5zOcgEDl+j00MP/WkGVPOlPRLejGD8Ga6PJ7M=
github.com/google/go-querystring v1.0.0 h1:Xkwi/a1rcvNg1PPYe5vI8GbeBY/jrVuDX5ASuANWTrk=
github.com/google/go-querystring v1.0.0/go.mod h1:odCYkC5MyYFN7vkCjXpyrEuKhc/BUO6wN/zVPAxq5ck=
github.com/kardianos/osext v0.0.0-20170510131534-ae77be60afb1 h1:PJPDf8OUfOK1bb/NeTKd4f1QXZItOX389VN3B6qC8ro=
github.com/kardianos/osext v0.0.0-20170510131534-ae77be60afb1/go.mod h1:1NbS8ALrpOvjt0rHPNLyCIeMtbizbir8U//inJ+zuB8=
github.com/kballard/go-shellquote v0.0.0-20180428030007-95032a82bc51 h1:Z9n2FFNUXsshfwJMBgNA0RU6/i7WVaAegv3PtuIHPMs=
github.com/kballard/go-shellquote v0.0.0-20180428030007-95032a82bc51/go.mod h1:CzGEWj7cYgsdH8dAjBGEr58BoE7ScuLd+fwFZ44+/x8=
github.com/legionus/getopt v0.0.0-20180726120153-3faf6e4d52ec h1:PZvwHfB2+F+qm5qpwegqXRLDN8q4+xLLWmirpkcta/k=
github.com/legionus/getopt v0.0.0-20180726120153-3faf6e4d52ec/go.mod h1:pYmKMcrbQY3xLsCNfP8d0/JhWwHgZsidHShD8VA/KWg=
github.com/legionus/smtpd v0.0.0-20180912110214-02a677cda169 h1:NeQ+5xlR+2D1psVvgmwZGh4Q+LormZoHk0n35fYirq4=
github.com/legionus/smtpd v0.0.0-20180912110214-02a677cda169/go.mod h1:FwcEa9Ki4HB3za5HgOfnN0hM3xz4N9iW8bg8M1Y+s54=
github.com/mitchellh/go-wordwrap v1.0.0 h1:6GlHJ/LTGMrIJbwgdqdl2eEH8o+Exx/0m8ir9Gns0u4=
github.com/mitchellh/go-wordwrap v1.0.0/go.mod h1:ZXFpozHsX6DPmq2I0TCekCxypsnAUbP2oI0UX1GXzOo=
github.com/pkg/errors v0.8.0 h1:WdK/asTD0HN+q6hsWO3/vpuAkAr+tw6aNJNDFFf0+qw=
github.com/pkg/errors v0.8.0/go.mod h1:bwawxfHBFNV+L2hUp1rHADufV3IMtnDRdf1r5NINEl0=
github.com/sevlyar/go-daemon v0.1.4 h1:Ayxp/9SNHwPBjV+kKbnHl2ch6rhxTu08jfkGkoxgULQ=
github.com/sevlyar/go-daemon v0.1.4/go.mod h1:6dJpPatBT9eUwM5VCw9Bt6CdX9Tk6UWvhW3MebLDRKE=
github.com/sirupsen/logrus v1.0.6 h1:hcP1GmhGigz/O7h1WVUM5KklBp1JoNS9FggWKdj/j3s=
github.com/sirupsen/logrus v1.0.6/go.mod h1:pMByvHTf9Beacp5x1UXfOR9xyW/9antXMhjMPG0dEzc=
github.com/trivago/tgo v1.0.5 h1:ihzy8zFF/LPsd8oxsjYOE8CmyOTNViyFCy0EaFreUIk=
github.com/trivago/tgo v1.0.5/go.mod h1:w4dpD+3tzNIIiIfkWWa85w5/B77tlvdZckQ+6PkFnhc=
golang.org/x/crypto v0.0.0-20180910181607-0e37d006457b h1:2b9XGzhjiYsYPnKXoEfL7klWZQIt8IfyRCz62gCqqlQ=
golang.org/x/crypto v0.0.0-20180910181607-0e37d006457b/go.mod h1:6SG95UA2DQfeDnfUPMdvaQW0Q7yPrPDi9nlGo2tz2b4=
golang.org/x/sys v0.0.0-20180920110915-d641721ec2de h1:soC2mvPVpAV+Ld2qtpNn1eq25WTn76uIGNV23bofu6Q=
golang.org/x/sys v0.0.0-20180920110915-d641721ec2de/go.mod h1:STP8DvDyc/dI5b8T5hshtkjS+E42TnysNCUPdjciGhY=
gopkg.in/check.v1 v0.0.0-20161208181325-20d25e280405/go.mod h1:Co6ibVJAznAaIkqp8huTwlJQCZ016jof/cbN4VW5Yz0=
gopkg.in/yaml.v2 v2.2.1 h1:mUhvW9EsL+naU5Q3cakzfE91YhliOondGd6ZrsDBHQE=
gopkg.in/yaml.v2 v2.2.1/go.mod h1:hI93XBmqTisBFMUTm0b8Fm+jr3Dg1NNxqwp+5A1VGuI=
